# @generated by Move, please check-in and do not edit manually.

[move]
version = 0
manifest_digest = "90B695E3AF3F70D5D995DAB271C00C43CD32CC529CDD7492D3289413A8DCC917"
deps_digest = "3C4103934B1E040BB6B23F1D610B4EF9F2F1166A50A104EADCF77467C004C600"

dependencies = [
  { name = "Sui" },
  { name = "guava_order" },
]

[[move.package]]
name = "MoveStdlib"
source = { git = "https://github.com/MystenLabs/sui.git", rev = "framework/testnet", subdir = "crates/sui-framework/packages/move-stdlib" }

[[move.package]]
name = "Sui"
source = { git = "https://github.com/MystenLabs/sui.git", rev = "framework/testnet", subdir = "crates/sui-framework/packages/sui-framework" }

dependencies = [
  { name = "MoveStdlib" },
]

[[move.package]]
name = "guava_order"
source = { git = "https://github.com/nathanrchn/guava_order.git", rev = "main", subdir = "" }

dependencies = [
  { name = "Sui" },
]
